
Microsoft Visual Studio Solution File, Format Version 12.00
# Visual Studio 2013
VisualStudioVersion = 12.0.21005.1
MinimumVisualStudioVersion = 10.0.40219.1
Project("{8BC9CEB8-8B4A-11D0-8D11-00A0C91BC942}") = "cmexdemo", "cmexdemo\cmexdemo.vcxproj", "{C49B648A-F65B-40FA-9078-B44832A0FE3A}"
EndProject
Global
	GlobalSection(SolutionConfigurationPlatforms) = preSolution
		Debug|Win32 = Debug|Win32
		Release|Win32 = Release|Win32
	EndGlobalSection
	GlobalSection(ProjectConfigurationPlatforms) = postSolution
		{C49B648A-F65B-40FA-9078-B44832A0FE3A}.Debug|Win32.ActiveCfg = Debug|Win32
		{C49B648A-F65B-40FA-9078-B44832A0FE3A}.Debug|Win32.Build.0 = Debug|Win32
		{C49B648A-F65B-40FA-9078-B44832A0FE3A}.Release|Win32.ActiveCfg = Release|Win32
		{C49B648A-F65B-40FA-9078-B44832A0FE3A}.Release|Win32.Build.0 = Release|Win32
	EndGlobalSection
	GlobalSection(SolutionProperties) = preSolution
		HideSolutionNode = FALSE
	EndGlobalSection
EndGlobal
